github.com/aws/aws-sdk-go v1.54.5 h1:uOYrME3NWf7/J7orDdhZbF8IQCNkE7OZHATdzWS0ok0=
github.com/aws/aws-sdk-go v1.54.5/go.mod h1:eRwEWoyTWFMVYVQzKMNHWP5/RV4xIUGMQfXQHfHkpNU=
github.com/aws/aws-sdk-go v1.54.8 h1:+soIjaRsuXfEJ9ts9poJD2fIIzSSRwfx+T69DrTtL2M=
github.com/aws/aws-sdk-go v1.54.8/go.mod h1:eRwEWoyTWFMVYVQzKMNHWP5/RV4xIUGMQfXQHfHkpNU=
github.com/aws/aws-sdk-go v1.54.13 h1:zpCuiG+/mFdDY/klKJvmSioAZWk45F4rLGq0JWVAAzk=
github.com/aws/aws-sdk-go v1.54.13/go.mod h1:eRwEWoyTWFMVYVQzKMNHWP5/RV4xIUGMQfXQHfHkpNU=
github.com/aws/aws-sdk-go-v2 v1.30.0 h1:6qAwtzlfcTtcL8NHtbDQAqgM5s6NDipQTkPxyH/6kAA=
github.com/aws/aws-sdk-go-v2 v1.30.0/go.mod h1:ffIFB97e2yNsv4aTSGkqtHnppsIJzw7G7BReUZ3jCXM=
github.com/aws/aws-sdk-go-v2 v1.30.1 h1:4y/5Dvfrhd1MxRDD77SrfsDaj8kUkkljU7XE83NPV+o=
github.com/aws/aws-sdk-go-v2 v1.30.1/go.mod h1:nIQjQVp5sfpQcTc9mPSr1B0PaWK5ByX9MOoDadSN4lc=
github.com/aws/aws-sdk-go-v2/config v1.27.21 h1:yPX3pjGCe2hJsetlmGNB4Mngu7UPmvWPzzWCv1+boeM=
github.com/aws/aws-sdk-go-v2/config v1.27.21/go.mod h1:4XtlEU6DzNai8RMbjSF5MgGZtYvrhBP/aKZcRtZAVdM=
github.com/aws/aws-sdk-go-v2/config v1.27.23 h1:Cr/gJEa9NAS7CDAjbnB7tHYb3aLZI2gVggfmSAasDac=
github.com/aws/aws-sdk-go-v2/config v1.27.23/go.mod h1:WMMYHqLCFu5LH05mFOF5tsq1PGEMfKbu083VKqLCd0o=
github.com/aws/aws-sdk-go-v2/credentials v1.17.21 h1:pjAqgzfgFhTv5grc7xPHtXCAaMapzmwA7aU+c/SZQGw=
github.com/aws/aws-sdk-go-v2/credentials v1.17.21/go.mod h1:nhK6PtBlfHTUDVmBLr1dg+WHCOCK+1Fu/WQyVHPsgNQ=
github.com/aws/aws-sdk-go-v2/credentials v1.17.23 h1:G1CfmLVoO2TdQ8z9dW+JBc/r8+MqyPQhXCafNZcXVZo=
github.com/aws/aws-sdk-go-v2/credentials v1.17.23/go.mod h1:V/DvSURn6kKgcuKEk4qwSwb/fZ2d++FFARtWSbXnLqY=
github.com/aws/aws-sdk-go-v2/feature/ec2/imds v1.16.8 h1:FR+oWPFb/8qMVYMWN98bUZAGqPvLHiyqg1wqQGfUAXY=
github.com/aws/aws-sdk-go-v2/feature/ec2/imds v1.16.8/go.mod h1:EgSKcHiuuakEIxJcKGzVNWh5srVAQ3jKaSrBGRYvM48=
github.com/aws/aws-sdk-go-v2/feature/ec2/imds v1.16.9 h1:Aznqksmd6Rfv2HQN9cpqIV/lQRMaIpJkLLaJ1ZI76no=
github.com/aws/aws-sdk-go-v2/feature/ec2/imds v1.16.9/go.mod h1:WQr3MY7AxGNxaqAtsDWn+fBxmd4XvLkzeqQ8P1VM0/w=
github.com/aws/aws-sdk-go-v2/internal/configsources v1.3.12 h1:SJ04WXGTwnHlWIODtC5kJzKbeuHt+OUNOgKg7nfnUGw=
github.com/aws/aws-sdk-go-v2/internal/configsources v1.3.12/go.mod h1:FkpvXhA92gb3GE9LD6Og0pHHycTxW7xGpnEh5E7Opwo=
github.com/aws/aws-sdk-go-v2/internal/configsources v1.3.13 h1:5SAoZ4jYpGH4721ZNoS1znQrhOfZinOhc4XuTXx/nVc=
github.com/aws/aws-sdk-go-v2/internal/configsources v1.3.13/go.mod h1:+rdA6ZLpaSeM7tSg/B0IEDinCIBJGmW8rKDFkYpP04g=
github.com/aws/aws-sdk-go-v2/internal/endpoints/v2 v2.6.12 h1:hb5KgeYfObi5MHkSSZMEudnIvX30iB+E21evI4r6BnQ=
github.com/aws/aws-sdk-go-v2/internal/endpoints/v2 v2.6.12/go.mod h1:CroKe/eWJdyfy9Vx4rljP5wTUjNJfb+fPz1uMYUhEGM=
github.com/aws/aws-sdk-go-v2/internal/endpoints/v2 v2.6.13 h1:WIijqeaAO7TYFLbhsZmi2rgLEAtWOC1LhxCAVTJlSKw=
github.com/aws/aws-sdk-go-v2/internal/endpoints/v2 v2.6.13/go.mod h1:i+kbfa76PQbWw/ULoWnp51EYVWH4ENln76fLQE3lXT8=
github.com/aws/aws-sdk-go-v2/internal/ini v1.8.0 h1:hT8rVHwugYE2lEfdFE0QWVo81lF7jMrYJVDWI+f+VxU=
github.com/aws/aws-sdk-go-v2/internal/ini v1.8.0/go.mod h1:8tu/lYfQfFe6IGnaOdrpVgEL2IrrDOf6/m9RQum4NkY=
github.com/aws/aws-sdk-go-v2/service/internal/accept-encoding v1.11.2 h1:Ji0DY1xUsUr3I8cHps0G+XM3WWU16lP6yG8qu1GAZAs=
github.com/aws/aws-sdk-go-v2/service/internal/accept-encoding v1.11.2/go.mod h1:5CsjAbs3NlGQyZNFACh+zztPDI7fU6eW9QsxjfnuBKg=
github.com/aws/aws-sdk-go-v2/service/internal/accept-encoding v1.11.3 h1:dT3MqvGhSoaIhRseqw2I0yH81l7wiR2vjs57O51EAm8=
github.com/aws/aws-sdk-go-v2/service/internal/accept-encoding v1.11.3/go.mod h1:GlAeCkHwugxdHaueRr4nhPuY+WW+gR8UjlcqzPr1SPI=
github.com/aws/aws-sdk-go-v2/service/internal/presigned-url v1.11.14 h1:zSDPny/pVnkqABXYRicYuPf9z2bTqfH13HT3v6UheIk=
github.com/aws/aws-sdk-go-v2/service/internal/presigned-url v1.11.14/go.mod h1:3TTcI5JSzda1nw/pkVC9dhgLre0SNBFj2lYS4GctXKI=
github.com/aws/aws-sdk-go-v2/service/internal/presigned-url v1.11.15 h1:I9zMeF107l0rJrpnHpjEiiTSCKYAIw8mALiXcPsGBiA=
github.com/aws/aws-sdk-go-v2/service/internal/presigned-url v1.11.15/go.mod h1:9xWJ3Q/S6Ojusz1UIkfycgD1mGirJfLLKqq3LPT7WN8=
github.com/aws/aws-sdk-go-v2/service/sqs v1.33.1 h1:m/7a5OgAZQDWJlSbZLWg4BAlbXbY6j+dDDjPY8rZ7kA=
github.com/aws/aws-sdk-go-v2/service/sqs v1.33.1/go.mod h1:4kCM5tMCkys9PFbuGHP+LjpxlsA5oMRUs3QvnWo11BM=
github.com/aws/aws-sdk-go-v2/service/sqs v1.34.1 h1:Tp1oKSfWHE8fTz0H+DuD05cXPJ96Z6Rko0W/dAp7wJ0=
github.com/aws/aws-sdk-go-v2/service/sqs v1.34.1/go.mod h1:5gGM2xv51W5Hkyr3vj7JTEf/b5oOCb7rXcEVbXrcTAU=
github.com/aws/aws-sdk-go-v2/service/sso v1.21.1 h1:sd0BsnAvLH8gsp2e3cbaIr+9D7T1xugueQ7V/zUAsS4=
github.com/aws/aws-sdk-go-v2/service/sso v1.21.1/go.mod h1:lcQG/MmxydijbeTOp04hIuJwXGWPZGI3bwdFDGRTv14=
github.com/aws/aws-sdk-go-v2/service/sso v1.22.1 h1:p1GahKIjyMDZtiKoIn0/jAj/TkMzfzndDv5+zi2Mhgc=
github.com/aws/aws-sdk-go-v2/service/sso v1.22.1/go.mod h1:/vWdhoIoYA5hYoPZ6fm7Sv4d8701PiG5VKe8/pPJL60=
github.com/aws/aws-sdk-go-v2/service/ssooidc v1.25.1 h1:1uEFNNskK/I1KoZ9Q8wJxMz5V9jyBlsiaNrM7vA3YUQ=
github.com/aws/aws-sdk-go-v2/service/ssooidc v1.25.1/go.mod h1:z0P8K+cBIsFXUr5rzo/psUeJ20XjPN0+Nn8067Nd+E4=
github.com/aws/aws-sdk-go-v2/service/ssooidc v1.26.1 h1:lCEv9f8f+zJ8kcFeAjRZsekLd/x5SAm96Cva+VbUdo8=
github.com/aws/aws-sdk-go-v2/service/ssooidc v1.26.1/go.mod h1:xyFHA4zGxgYkdD73VeezHt3vSKEG9EmFnGwoKlP00u4=
github.com/aws/aws-sdk-go-v2/service/sts v1.29.1 h1:myX5CxqXE0QMZNja6FA1/FSE3Vu1rVmeUmpJMMzeZg0=
github.com/aws/aws-sdk-go-v2/service/sts v1.29.1/go.mod h1:N2mQiucsO0VwK9CYuS4/c2n6Smeh1v47Rz3dWCPFLdE=
github.com/aws/aws-sdk-go-v2/service/sts v1.30.1 h1:+woJ607dllHJQtsnJLi52ycuqHMwlW+Wqm2Ppsfp4nQ=
github.com/aws/aws-sdk-go-v2/service/sts v1.30.1/go.mod h1:jiNR3JqT15Dm+QWq2SRgh0x0bCNSRP2L25+CqPNpJlQ=
github.com/aws/smithy-go v1.20.2 h1:tbp628ireGtzcHDDmLT/6ADHidqnwgF57XOXZe6tp4Q=
github.com/aws/smithy-go v1.20.2/go.mod h1:krry+ya/rV9RDcV/Q16kpu6ypI4K2czasz0NC3qS14E=
github.com/aws/smithy-go v1.20.3 h1:ryHwveWzPV5BIof6fyDvor6V3iUL7nTfiTKXHiW05nE=
github.com/aws/smithy-go v1.20.3/go.mod h1:krry+ya/rV9RDcV/Q16kpu6ypI4K2czasz0NC3qS14E=
github.com/beanstalkd/go-beanstalk v0.2.0 h1:6UOJugnu47uNB2jJO/lxyDgeD1Yds7owYi1USELqexA=
github.com/beanstalkd/go-beanstalk v0.2.0/go.mod h1:/G8YTyChOtpOArwLTQPY1CHB+i212+av35bkPXXj56Y=
github.com/beorn7/perks v1.0.1 h1:VlbKKnNfV8bJzeqoa4cOKqO6bYr3WgKZxO8Z16+hsOM=
github.com/beorn7/perks v1.0.1/go.mod h1:G2ZrVWU2WbWT9wwq4/hrbKbnv/1ERSJQ0ibhJ6rlkpw=
github.com/cenkalti/backoff/v4 v4.3.0 h1:MyRJ/UdXutAwSAT+s3wNd7MfTIcy71VQueUuFK343L8=
github.com/cenkalti/backoff/v4 v4.3.0/go.mod h1:Y3VNntkOUPxTVeUxJ/G5vcM//AlwfmyYozVcomhLiZE=
github.com/cespare/xxhash/v2 v2.3.0 h1:UL815xU9SqsFlibzuggzjXhog7bL6oX9BbNZnL2UFvs=
github.com/cespare/xxhash/v2 v2.3.0/go.mod h1:VGX0DQ3Q6kWi7AoAeZDth3/j3BFtOZR5XLFGgcrjCOs=
github.com/davecgh/go-spew v1.1.0/go.mod h1:J7Y8YcW2NihsgmVo/mv3lAwl/skON4iLHjSsI+c5H38=
github.com/davecgh/go-spew v1.1.1/go.mod h1:J7Y8YcW2NihsgmVo/mv3lAwl/skON4iLHjSsI+c5H38=
github.com/davecgh/go-spew v1.1.2-0.20180830191138-d8f796af33cc h1:U9qPSI2PIWSS1VwoXQT9A3Wy9MM3WgvqSxFWenqJduM=
github.com/davecgh/go-spew v1.1.2-0.20180830191138-d8f796af33cc/go.mod h1:J7Y8YcW2NihsgmVo/mv3lAwl/skON4iLHjSsI+c5H38=
github.com/fatih/color v1.17.0 h1:GlRw1BRJxkpqUCBKzKOw098ed57fEsKeNjpTe3cSjK4=
github.com/fatih/color v1.17.0/go.mod h1:YZ7TlrGPkiz6ku9fK3TLD/pl3CpsiFyu8N92HLgmosI=
github.com/frankban/quicktest v1.14.6 h1:7Xjx+VpznH+oBnejlPUj8oUpdxnVs4f8XU8WnHkI4W8=
github.com/frankban/quicktest v1.14.6/go.mod h1:4ptaffx2x8+WTWXmUCuVU6aPUX1/Mz7zb5vbUoiM6w0=
github.com/fsnotify/fsnotify v1.7.0 h1:8JEhPFa5W2WU7YfeZzPNqzMP6Lwt7L2715Ggo0nosvA=
github.com/fsnotify/fsnotify v1.7.0/go.mod h1:40Bi/Hjc2AVfZrqy+aj+yEI+/bRxZnMJyTJwOpGvigM=
github.com/go-logr/logr v1.2.2/go.mod h1:jdQByPbusPIv2/zmleS9BjJVeZ6kBagPoEUsqbVz/1A=
github.com/go-logr/logr v1.4.2 h1:6pFjapn8bFcIbiKo3XT4j/BhANplGihG6tvd+8rYgrY=
github.com/go-logr/logr v1.4.2/go.mod h1:9T104GzyrTigFIr8wt5mBrctHMim0Nb2HLGrmQ40KvY=
github.com/go-logr/stdr v1.2.2 h1:hSWxHoqTgW2S2qGc0LTAI563KZ5YKYRhT3MFKZMbjag=
github.com/go-logr/stdr v1.2.2/go.mod h1:mMo/vtBO5dYbehREoey6XUKy/eSumjCCveDpRre4VKE=
github.com/go-ole/go-ole v1.2.6/go.mod h1:pprOEPIfldk/42T2oK7lQ4v4JSDwmV0As9GaiUsvbm0=
github.com/go-ole/go-ole v1.3.0 h1:Dt6ye7+vXGIKZ7Xtk4s6/xVdGDQynvom7xCFEdWr6uE=
github.com/go-ole/go-ole v1.3.0/go.mod h1:5LS6F96DhAwUc7C+1HLexzMXY1xGRSryjyPPKW6zv78=
github.com/goccy/go-json v0.10.3 h1:KZ5WoDbxAIgm2HNbYckL0se1fHD6rz5j4ywS6ebzDqA=
github.com/goccy/go-json v0.10.3/go.mod h1:oq7eo15ShAhp70Anwd5lgX2pLfOS3QCiwU/PULtXL6M=
github.com/google/go-cmp v0.6.0 h1:ofyhxvXcZhMsU5ulbFiLKl/XBFqE1GSq7atu8tAmTRI=
github.com/google/go-cmp v0.6.0/go.mod h1:17dUlkBOakJ0+DkrSSNjCkIjxS6bF9zb3elmeNGIjoY=
github.com/google/uuid v1.6.0 h1:NIvaJDMOsjHA8n1jAhLSgzrAzy1Hgr+hNrb57e+94F0=
github.com/google/uuid v1.6.0/go.mod h1:TIyPZe4MgqvfeYDBFedMoGGpEw/LqOeaOT+nhxU+yHo=
github.com/hashicorp/hcl v1.0.0 h1:0Anlzjpi4vEasTeNFn2mLJgTSwt0+6sfsiTG8qcWGx4=
github.com/hashicorp/hcl v1.0.0/go.mod h1:E5yfLk+7swimpb2L/Alb/PJmXilQ/rhwaUYs4T20WEQ=
github.com/jmespath/go-jmespath v0.4.0 h1:BEgLn5cpjn8UN1mAw4NjwDrS35OdebyEtFe+9YPoQUg=
github.com/jmespath/go-jmespath v0.4.0/go.mod h1:T8mJZnbsbmF+m6zOOFylbeCJqk5+pHWvzYPziyZiYoo=
github.com/jmespath/go-jmespath/internal/testify v1.5.1 h1:shLQSRRSCCPj3f2gpwzGwWFoC7ycTf1rcQZHOlsJ6N8=
github.com/jmespath/go-jmespath/internal/testify v1.5.1/go.mod h1:L3OGu8Wl2/fWfCI6z80xFu9LTZmf1ZRjMHUOPmWr69U=
github.com/joho/godotenv v1.5.1 h1:7eLL/+HRGLY0ldzfGMeQkb7vMd0as4CfYvUVzLqw0N0=
github.com/joho/godotenv v1.5.1/go.mod h1:f4LDr5Voq0i2e/R5DDNOoa2zzDfwtkZa6DnEwAbqwq4=
github.com/klauspost/compress v1.17.9 h1:6KIumPrER1LHsvBVuDa0r5xaG0Es51mhhB9BQB2qeMA=
github.com/klauspost/compress v1.17.9/go.mod h1:Di0epgTjJY877eYKx5yC51cX2A2Vl2ibi7bDH9ttBbw=
github.com/kr/pretty v0.3.1 h1:flRD4NNwYAUpkphVc1HcthR4KEIFJ65n8Mw5qdRn3LE=
github.com/kr/pretty v0.3.1/go.mod h1:hoEshYVHaxMs3cyo3Yncou5ZscifuDolrwPKZanG3xk=
github.com/kr/text v0.2.0 h1:5Nx0Ya0ZqY2ygV366QzturHI13Jq95ApcVaJBhpS+AY=
github.com/kr/text v0.2.0/go.mod h1:eLer722TekiGuMkidMxC/pM04lWEeraHUUmBw8l2grE=
github.com/magiconair/properties v1.8.7 h1:IeQXZAiQcpL9mgcAe1Nu6cX9LLw6ExEHKjN0VQdvPDY=
github.com/magiconair/properties v1.8.7/go.mod h1:Dhd985XPs7jluiymwWYZ0G4Z61jb3vdS329zhj2hYo0=
github.com/mattn/go-colorable v0.1.13 h1:fFA4WZxdEF4tXPZVKMLwD8oUnCTTo08duU7wxecdEvA=
github.com/mattn/go-colorable v0.1.13/go.mod h1:7S9/ev0klgBDR4GtXTXX8a3vIGJpMovkB8vQcUbaXHg=
github.com/mattn/go-isatty v0.0.16/go.mod h1:kYGgaQfpe5nmfYZH+SKPsOc2e4SrIfOl2e/yFXSvRLM=
github.com/mattn/go-isatty v0.0.20 h1:xfD0iDuEKnDkl03q4limB+vH+GxLEtL/jb4xVJSWWEY=
github.com/mattn/go-isatty v0.0.20/go.mod h1:W+V8PltTTMOvKvAeJH7IuucS94S2C6jfK/D7dTCTo3Y=
github.com/mitchellh/mapstructure v1.5.0 h1:jeMsZIYE/09sWLaz43PL7Gy6RuMjD2eJVyuac5Z2hdY=
github.com/mitchellh/mapstructure v1.5.0/go.mod h1:bFUtVrKA4DC2yAKiSyO/QUcy7e+RRV2QTWOzhPopBRo=
github.com/munnerz/goautoneg v0.0.0-20191010083416-a7dc8b61c822 h1:C3w9PqII01/Oq1c1nUAm88MOHcQC9l5mIlSMApZMrHA=
github.com/munnerz/goautoneg v0.0.0-20191010083416-a7dc8b61c822/go.mod h1:+n7T8mK8HuQTcFwEeznm/DIxMOiR9yIdICNftLE1DvQ=
github.com/nats-io/nats.go v1.36.0 h1:suEUPuWzTSse/XhESwqLxXGuj8vGRuPRoG7MoRN/qyU=
github.com/nats-io/nats.go v1.36.0/go.mod h1:Ubdu4Nh9exXdSz0RVWRFBbRfrbSxOYd26oF0wkWclB8=
github.com/nats-io/nkeys v0.4.7 h1:RwNJbbIdYCoClSDNY7QVKZlyb/wfT6ugvFCiKy6vDvI=
github.com/nats-io/nkeys v0.4.7/go.mod h1:kqXRgRDPlGy7nGaEDMuYzmiJCIAAWDK0IMBtDmGD0nc=
github.com/nats-io/nuid v1.0.1 h1:5iA8DT8V7q8WK2EScv2padNa/rTESc1KdnPw4TC2paw=
github.com/nats-io/nuid v1.0.1/go.mod h1:19wcPz3Ph3q0Jbyiqsd0kePYG7A95tJPxeL+1OSON2c=
github.com/pelletier/go-toml/v2 v2.2.2 h1:aYUidT7k73Pcl9nb2gScu7NSrKCSHIDE89b3+6Wq+LM=
github.com/pelletier/go-toml/v2 v2.2.2/go.mod h1:1t835xjRzz80PqgE6HHgN2JOsmgYu/h4qDAS4n929Rs=
github.com/pierrec/lz4/v4 v4.1.21 h1:yOVMLb6qSIDP67pl/5F7RepeKYu/VmTyEXvuMI5d9mQ=
github.com/pierrec/lz4/v4 v4.1.21/go.mod h1:gZWDp/Ze/IJXGXf23ltt2EXimqmTUXEy0GFuRQyBid4=
github.com/pmezard/go-difflib v1.0.0/go.mod h1:iKH77koFhYxTK1pcRnkKkqfTogsbg7gZNVY4sRDYZ/4=
github.com/pmezard/go-difflib v1.0.1-0.20181226105442-5d4384ee4fb2 h1:Jamvg5psRIccs7FGNTlIRMkT8wgtp5eCXdBlqhYGL6U=
github.com/pmezard/go-difflib v1.0.1-0.20181226105442-5d4384ee4fb2/go.mod h1:iKH77koFhYxTK1pcRnkKkqfTogsbg7gZNVY4sRDYZ/4=
github.com/prometheus/client_golang v1.19.1 h1:wZWJDwK+NameRJuPGDhlnFgx8e8HN3XHQeLaYJFJBOE=
github.com/prometheus/client_golang v1.19.1/go.mod h1:mP78NwGzrVks5S2H6ab8+ZZGJLZUq1hoULYBAYBw1Ho=
github.com/prometheus/client_model v0.6.1 h1:ZKSh/rekM+n3CeS952MLRAdFwIKqeY8b62p8ais2e9E=
github.com/prometheus/client_model v0.6.1/go.mod h1:OrxVMOVHjw3lKMa8+x6HeMGkHMQyHDk9E3jmP2AmGiY=
github.com/prometheus/common v0.54.0 h1:ZlZy0BgJhTwVZUn7dLOkwCZHUkrAqd3WYtcFCWnM1D8=
github.com/prometheus/common v0.54.0/go.mod h1:/TQgMJP5CuVYveyT7n/0Ix8yLNNXy9yRSkhnLTHPDIQ=
github.com/prometheus/common v0.55.0 h1:KEi6DK7lXW/m7Ig5i47x0vRzuBsHuvJdi5ee6Y3G1dc=
github.com/prometheus/common v0.55.0/go.mod h1:2SECS4xJG1kd8XF9IcM1gMX6510RAEL65zxzNImwdc8=
github.com/prometheus/procfs v0.15.1 h1:YagwOFzUgYfKKHX6Dr+sHT7km/hxC76UB0learggepc=
github.com/prometheus/procfs v0.15.1/go.mod h1:fB45yRUv8NstnjriLhBQLuOUt+WW4BsoGhij/e3PBqk=
github.com/rabbitmq/amqp091-go v1.10.0 h1:STpn5XsHlHGcecLmMFCtg7mqq0RnD+zFr4uzukfVhBw=
github.com/rabbitmq/amqp091-go v1.10.0/go.mod h1:Hy4jKW5kQART1u+JkDTF9YYOQUHXqMuhrgxOEeS7G4o=
github.com/roadrunner-server/amqp/v4 v4.11.4 h1:7SENNV02qi61q5dTFVsL4MPFqVCW/wHENmUqFv3ILvA=
github.com/roadrunner-server/amqp/v4 v4.11.4/go.mod h1:SVUb2tHWHDnWLC8eMpcwxlFq704O0RsIcjfyVuM3RDk=
github.com/roadrunner-server/amqp/v4 v4.11.5 h1:wtByy8acMfbM4tQ2eoGlr/uEBHWPFYO/ryx+nWZPQVQ=
github.com/roadrunner-server/amqp/v4 v4.11.5/go.mod h1:SVUb2tHWHDnWLC8eMpcwxlFq704O0RsIcjfyVuM3RDk=
github.com/roadrunner-server/api/v4 v4.12.0 h1:N8AC+b7uzrDpTPnFTBVWNIs9ZMV42hwKDCo29X84iS8=
github.com/roadrunner-server/api/v4 v4.12.0/go.mod h1:nLV2f4O7tDh5DaMDff4oX1bNJ9erz7eyq+4TajgKGck=
github.com/roadrunner-server/api/v4 v4.14.0 h1:lcSirsQ78TuMI4Ww/N//g7IXFPwY6QLf5TPUPgjKc/M=
github.com/roadrunner-server/api/v4 v4.14.0/go.mod h1:WR6p5pGvIYk8h2pcnW8QWMlwndYCACjsVmD680Xox/I=
github.com/roadrunner-server/api/v4 v4.15.0 h1:/CUbaHb9AT2PSWQFhjUxnuSC5p0ypkACrFgiIvNHsoo=
github.com/roadrunner-server/api/v4 v4.15.0/go.mod h1:fAiaKHRVkt49S302Jhj60jd+nUNfs8iyjKE5rIoQ+kE=
github.com/roadrunner-server/beanstalk/v4 v4.8.4 h1:6wp8ztlXpjIeyDlU5dfGm62wOrNllEq78C/gfhwejYQ=
github.com/roadrunner-server/beanstalk/v4 v4.8.4/go.mod h1:Y8Oou8FWKwwBMikt7fpaDfwcz0As74KYS36Eu2YhmKQ=
github.com/roadrunner-server/beanstalk/v4 v4.8.5 h1:D1Y3zDgnaJDU+C3v9SLP9tAJlWFt0HM/FHHHeiFcdQ4=
github.com/roadrunner-server/beanstalk/v4 v4.8.5/go.mod h1:Y8Oou8FWKwwBMikt7fpaDfwcz0As74KYS36Eu2YhmKQ=
github.com/roadrunner-server/config/v4 v4.9.2 h1:AvZj6b9Jz8dR1FB3Suugcn+8Cok2WnIla4iznbuwmKo=
github.com/roadrunner-server/config/v4 v4.9.2/go.mod h1:yYYIkw1u2Hq8521v/qoqDuOHwOKH9X8Mx+t+TWX7UME=
github.com/roadrunner-server/config/v4 v4.9.3 h1:YZ2OkNT8OLwG/ulc2+GcQJzCCclGe5sy/onnInAxGY4=
github.com/roadrunner-server/config/v4 v4.9.3/go.mod h1:fcIWS7ZlG5h4fg1uE97lE0BVZRTS+/gLuDdNLPRNoIY=
github.com/roadrunner-server/endure/v2 v2.4.5 h1:GoZm/1HjKCKm8TpaP/Pm2KbN0X9gLyN840cA3Fn/TCE=
github.com/roadrunner-server/endure/v2 v2.4.5/go.mod h1:83UvLdt+RNxELTSna+SZMWQiu+Thj6wOz6hmlp65XFI=
github.com/roadrunner-server/errors v1.4.0 h1:Odjg3VZrj1q5Y8ILwoN+JgERyv0pkhrWPNOM4h68iQ8=
github.com/roadrunner-server/errors v1.4.0/go.mod h1:78PvraAFj+Sxy5nDmo0S+h6rEMLFIDszWZxA3B0sPAs=
github.com/roadrunner-server/events v1.0.0 h1:r+DM2mVJbcJSxj7AoESvolgUQQYNcEjzKPdgTXz3lPI=
github.com/roadrunner-server/events v1.0.0/go.mod h1:KMcez/tib0yky9TR/0Ag8SZcgAn3kjzXWciZL/n2Hu8=
github.com/roadrunner-server/goridge/v3 v3.8.2 h1:4TpIJAMylMIVTva/L/STB4ZvYNVoQ77+Syr6abxj95c=
github.com/roadrunner-server/goridge/v3 v3.8.2/go.mod h1:7IIDW50j1saxnOxktFeUPpkSIfyvM/dYopTrbGWXboA=
github.com/roadrunner-server/informer/v4 v4.5.4 h1:mDYYR3xgYNDeFl9hvJPo0fw1byAe/LYsO643WFVgPY0=
github.com/roadrunner-server/informer/v4 v4.5.4/go.mod h1:48pRPU0bFaWLbQkIkNT142wFzPnJr25Bg0GyOzUiqpk=
github.com/roadrunner-server/informer/v4 v4.5.5 h1:WERgFpHlElVIU1TJgpB+HI7C9rU7dKp1bM88qvoEyUI=
github.com/roadrunner-server/informer/v4 v4.5.5/go.mod h1:48pRPU0bFaWLbQkIkNT142wFzPnJr25Bg0GyOzUiqpk=
github.com/roadrunner-server/kafka/v4 v4.6.4 h1:WLHmmVRUfavPiD5ITPaDFofrQDfFDM/rV3q/kEJoweM=
github.com/roadrunner-server/kafka/v4 v4.6.4/go.mod h1:mz1/C/tAozIiEm/SpXdNlwK4vlQa77fxqq5OEvjq1l8=
github.com/roadrunner-server/kafka/v4 v4.6.5 h1:VBGvM2hrd+c6xUbRSjamxJVz/AkHm6R6hZppNKpvY1M=
github.com/roadrunner-server/kafka/v4 v4.6.5/go.mod h1:MB33k6cpplI+GzOKnJ3g4lhUAXqKiTU+HpXNh3dXL1o=
github.com/roadrunner-server/logger/v4 v4.4.4 h1:GM+eMhrBIaNR0TP94krK3H0rLOiVEP3woYhQTKDTUxA=
github.com/roadrunner-server/logger/v4 v4.4.4/go.mod h1:gV0HHkfuLW/2DH1jtRUCFCkYd7FWOg8cP26TnPXUavY=
github.com/roadrunner-server/logger/v4 v4.4.5 h1:KST5ElyLB01H9k3/KliYG8L88JVQi6su+ajhEORypVg=
github.com/roadrunner-server/logger/v4 v4.4.5/go.mod h1:gV0HHkfuLW/2DH1jtRUCFCkYd7FWOg8cP26TnPXUavY=
github.com/roadrunner-server/memory/v4 v4.8.4 h1:rJRPTmXrNZ/xAbnkuoZvaViIj2Ph5r9uIf6txjF3m6s=
github.com/roadrunner-server/memory/v4 v4.8.4/go.mod h1:ZetYwl19jQIJJbLy7+9S1J46IQFi8/RPxnQ7Ln7Dsbw=
github.com/roadrunner-server/memory/v4 v4.8.5 h1:Heq4IURQqolxp5OLRNG1FtWFwU8olOCXtpq9JAUYh0Y=
github.com/roadrunner-server/memory/v4 v4.8.5/go.mod h1:ZetYwl19jQIJJbLy7+9S1J46IQFi8/RPxnQ7Ln7Dsbw=
github.com/roadrunner-server/metrics/v4 v4.3.4 h1:0BH4BcDv38zeXINPMavMZTlLwoJJ56ssv7XUe2vGH6o=
github.com/roadrunner-server/metrics/v4 v4.3.4/go.mod h1:8khN9LHiywST3pvtUImQaMAnK4yh+2zfY+szfX6FSsk=
github.com/roadrunner-server/metrics/v4 v4.3.5 h1:FcZvGC2IwGiadG9pTKLc9ijGmbJswFG/0i2Cl8+U/zg=
github.com/roadrunner-server/metrics/v4 v4.3.5/go.mod h1:8khN9LHiywST3pvtUImQaMAnK4yh+2zfY+szfX6FSsk=
github.com/roadrunner-server/nats/v4 v4.8.4 h1:HboJBSU5rmE9l0HKlG/x97uDg6pEsrTQlc2aX/taIvA=
github.com/roadrunner-server/nats/v4 v4.8.4/go.mod h1:JIL4B/uYeB7zaCFcob135NpH+Ud3CNq2KOdgqalvz74=
github.com/roadrunner-server/nats/v4 v4.8.5 h1:Z29W9RPB1c20s5T8aqfDYXrcenLpMYCLJ+UBuVb2ODE=
github.com/roadrunner-server/nats/v4 v4.8.5/go.mod h1:HDlR+SKfjRMJr5QrojyxgE1qBv8WegIW9gKVcYyeT7I=
github.com/roadrunner-server/pool v1.0.0 h1:9iA67WLrJGRuigbN8qR6Rrs4OMy/TfkG7gSOS8sl0oU=
github.com/roadrunner-server/pool v1.0.0/go.mod h1:fLWNBj17Bu/YAN61QoInLr3ieRifpg1qN/4LGJqPsKo=
github.com/roadrunner-server/priority_queue v1.0.1 h1:/mdPHDyp4oEb2H8yo71aP50gIH8F9HSNam7IVkpEbkI=
github.com/roadrunner-server/priority_queue v1.0.1/go.mod h1:okVRd4P7s6gdPAjgywrESeztCNXKz/fWGdSiFnQ1uPI=
github.com/roadrunner-server/resetter/v4 v4.3.4 h1:vbEnrka/i+PmnDcr+meijE+DW+c34o7POj3oLdpDQww=
github.com/roadrunner-server/resetter/v4 v4.3.4/go.mod h1:YWE7nD1t8Lcyu3HmlniBWmBkJeszAUfjjuQOqrU/7kk=
github.com/roadrunner-server/resetter/v4 v4.3.5 h1:nN7RQSs4IZqI8G7/PyT85RDrRVQ13xwDCG3ERlukaHE=
github.com/roadrunner-server/resetter/v4 v4.3.5/go.mod h1:YWE7nD1t8Lcyu3HmlniBWmBkJeszAUfjjuQOqrU/7kk=
github.com/roadrunner-server/rpc/v4 v4.4.4 h1:6uAG2Q/QDvOO/+fhGwnEjlCu1C57wtIRoOPxkHWDZMA=
github.com/roadrunner-server/rpc/v4 v4.4.4/go.mod h1:IYOiuBhE2LD/244uySz5s4aB7PFggt0BoN+Fsh1PEJY=
github.com/roadrunner-server/rpc/v4 v4.4.5 h1:8Ojui6+lPy8deLyoZlarJ5/UYsq0XRTiaunjdtBrH2k=
github.com/roadrunner-server/rpc/v4 v4.4.5/go.mod h1:IYOiuBhE2LD/244uySz5s4aB7PFggt0BoN+Fsh1PEJY=
github.com/roadrunner-server/sdk/v4 v4.7.3 h1:w007xSk96SDFH/IJ3ZsP3AkU5opnw2/g+cBjQxd+WGA=
github.com/roadrunner-server/sdk/v4 v4.7.3/go.mod h1:pOHmaPzvxOn/xhKC9tHibHYSyNXWlUDQvp7pcRiuDGE=
github.com/roadrunner-server/sdk/v4 v4.8.0 h1:MpvRRlqJCjjqeCYah5K1ce64Z9zFqnuTYa1SgdhKJ5Y=
github.com/roadrunner-server/sdk/v4 v4.8.0/go.mod h1:CD9AE/wsGfhI7nbx+Bl727oQiGjh62ExrRJ/DhBg91s=
github.com/roadrunner-server/server/v4 v4.8.4 h1:R9PUH+M09MmAdbCyIya1vaaZ+zD8l96CLrpe5YpcHCc=
github.com/roadrunner-server/server/v4 v4.8.4/go.mod h1:62B5R5WWVJsAGYeqPWnYD2w22mIwWfGYQZleRzzi7ho=
github.com/roadrunner-server/server/v4 v4.8.5 h1:L/lCbPNthQsmjyu1XBBZlps+TmQ2rPTXtO37Dl3Qtz4=
github.com/roadrunner-server/server/v4 v4.8.5/go.mod h1:NCD4/SO5WJTwYipb7QfqcyXBfsQ0sp/DOHdfAK2egu8=
github.com/roadrunner-server/sqs/v4 v4.8.4 h1:VUJQvHfMrtfrjycV5etQH16NaWHIrpphaS6PSvbO8e0=
github.com/roadrunner-server/sqs/v4 v4.8.4/go.mod h1:rVP5pwiXhFLqM0xhc+ScaI1RKaoQMYh8pEoyZ3W9q5Y=
github.com/roadrunner-server/sqs/v4 v4.8.5 h1:hAwL/Z2DlHZo8BP/khq8D5MMnS4eRawpo4mF6CQ8Kt8=
github.com/roadrunner-server/sqs/v4 v4.8.5/go.mod h1:UfVolgKng7yUG5pAifFm5BNHZfMW0L/sPnVw9xdpk6M=
github.com/roadrunner-server/tcplisten v1.4.0 h1:yWo09zktv/CSV6VywLfw4pwNcUchgTiIrW4uIICtO5M=
github.com/roadrunner-server/tcplisten v1.4.0/go.mod h1:A6+VSnW2ETGnN/e/CMdP63ZXqQDaC0UDMU6QmyuB0yM=
github.com/roadrunner-server/tcplisten v1.5.0 h1:kwJZAAjPt250fBpnglUJ9mKYlbMeKEXzHwOQ4dk205Q=
github.com/roadrunner-server/tcplisten v1.5.0/go.mod h1:QSPMB61jFvCcvuRLAMhVIcrJhA6QoJAG+rSkz/vsT04=
github.com/rogpeppe/go-internal v1.12.0 h1:exVL4IDcn6na9z1rAb56Vxr+CgyK3nn3O+epU5NdKM8=
github.com/rogpeppe/go-internal v1.12.0/go.mod h1:E+RYuTGaKKdloAfM02xzb0FW3Paa99yedzYV+kq4uf4=
github.com/sagikazarmark/locafero v0.6.0 h1:ON7AQg37yzcRPU69mt7gwhFEBwxI6P9T4Qu3N51bwOk=
github.com/sagikazarmark/locafero v0.6.0/go.mod h1:77OmuIc6VTraTXKXIs/uvUxKGUXjE1GbemJYHqdNjX0=
github.com/sagikazarmark/slog-shim v0.1.0 h1:diDBnUNK9N/354PgrxMywXnAwEr1QZcOr6gto+ugjYE=
github.com/sagikazarmark/slog-shim v0.1.0/go.mod h1:SrcSrq8aKtyuqEI1uvTDTK1arOWRIczQRv+GVI1AkeQ=
github.com/shirou/gopsutil v3.21.11+incompatible h1:+1+c1VGhc88SSonWP6foOcLhvnKlUeu/erjjvaPEYiI=
github.com/shirou/gopsutil v3.21.11+incompatible/go.mod h1:5b4v6he4MtMOwMlS0TUMTu2PcXUg8+E1lC7eC3UO/RA=
github.com/sourcegraph/conc v0.3.0 h1:OQTbbt6P72L20UqAkXXuLOj79LfEanQ+YQFNpLA9ySo=
github.com/sourcegraph/conc v0.3.0/go.mod h1:Sdozi7LEKbFPqYX2/J+iBAM6HpqSLTASQIKqDmF7Mt0=
github.com/spf13/afero v1.11.0 h1:WJQKhtpdm3v2IzqG8VMqrr6Rf3UYpEF239Jy9wNepM8=
github.com/spf13/afero v1.11.0/go.mod h1:GH9Y3pIexgf1MTIWtNGyogA5MwRIDXGUr+hbWNoBjkY=
github.com/spf13/cast v1.6.0 h1:GEiTHELF+vaR5dhz3VqZfFSzZjYbgeKDpBxQVS4GYJ0=
github.com/spf13/cast v1.6.0/go.mod h1:ancEpBxwJDODSW/UG4rDrAqiKolqNNh2DX3mk86cAdo=
github.com/spf13/pflag v1.0.5 h1:iy+VFUOCP1a+8yFto/drg2CJ5u0yRoB7fZw3DKv/JXA=
github.com/spf13/pflag v1.0.5/go.mod h1:McXfInJRrz4CZXVZOBLb0bTZqETkiAhM9Iw0y3An2Bg=
github.com/spf13/viper v1.19.0 h1:RWq5SEjt8o25SROyN3z2OrDB9l7RPd3lwTWU8EcEdcI=
github.com/spf13/viper v1.19.0/go.mod h1:GQUN9bilAbhU/jgc1bKs99f/suXKeUMct8Adx5+Ntkg=
github.com/stretchr/objx v0.1.0/go.mod h1:HFkY916IF+rwdDfMAkV7OtwuqBVzrE8GR6GFx+wExME=
github.com/stretchr/objx v0.4.0/go.mod h1:YvHI0jy2hoMjB+UWwv71VJQ9isScKT/TqJzVSSt89Yw=
github.com/stretchr/objx v0.5.0/go.mod h1:Yh+to48EsGEfYuaHDzXPcE3xhTkx73EhmCGUpEOglKo=
github.com/stretchr/objx v0.5.2/go.mod h1:FRsXN1f5AsAjCGJKqEizvkpNtU+EGNCLh3NxZ/8L+MA=
github.com/stretchr/testify v1.7.1/go.mod h1:6Fq8oRcR53rry900zMqJjRRixrwX3KX962/h/Wwjteg=
github.com/stretchr/testify v1.8.0/go.mod h1:yNjHg4UonilssWZ8iaSj1OCr/vHnekPRkoO+kdMU+MU=
github.com/stretchr/testify v1.8.4/go.mod h1:sz/lmYIOXD/1dqDmKjjqLyZ2RngseejIcXlSw2iwfAo=
github.com/stretchr/testify v1.9.0 h1:HtqpIVDClZ4nwg75+f6Lvsy/wHu+3BoSGCbBAcpTsTg=
github.com/stretchr/testify v1.9.0/go.mod h1:r2ic/lqez/lEtzL7wO/rwa5dbSLXVDPFyf8C91i36aY=
github.com/subosito/gotenv v1.6.0 h1:9NlTDc1FTs4qu0DDq7AEtTPNw6SVm7uBMsUCUjABIf8=
github.com/subosito/gotenv v1.6.0/go.mod h1:Dk4QP5c2W3ibzajGcXpNraDfq2IrhjMIvMSWPKKo0FU=
github.com/tklauser/go-sysconf v0.3.14 h1:g5vzr9iPFFz24v2KZXs/pvpvh8/V9Fw6vQK5ZZb78yU=
github.com/tklauser/go-sysconf v0.3.14/go.mod h1:1ym4lWMLUOhuBOPGtRcJm7tEGX4SCYNEEEtghGG/8uY=
github.com/tklauser/numcpus v0.8.0 h1:Mx4Wwe/FjZLeQsK/6kt2EOepwwSl7SmJrK5bV/dXYgY=
github.com/tklauser/numcpus v0.8.0/go.mod h1:ZJZlAY+dmR4eut8epnzf0u/VwodKmryxR8txiloSqBE=
github.com/twmb/franz-go v1.17.0 h1:hawgCx5ejDHkLe6IwAtFWwxi3OU4OztSTl7ZV5rwkYk=
github.com/twmb/franz-go v1.17.0/go.mod h1:NreRdJ2F7dziDY/m6VyspWd6sNxHKXdMZI42UfQ3GXM=
github.com/twmb/franz-go/pkg/kmsg v1.8.0 h1:lAQB9Z3aMrIP9qF9288XcFf/ccaSxEitNA1CDTEIeTA=
github.com/twmb/franz-go/pkg/kmsg v1.8.0/go.mod h1:HzYEb8G3uu5XevZbtU0dVbkphaKTHk0X68N5ka4q6mU=
github.com/vmihailenco/msgpack/v5 v5.4.1 h1:cQriyiUvjTwOHg8QZaPihLWeRAAVoCpE00IUPn0Bjt8=
github.com/vmihailenco/msgpack/v5 v5.4.1/go.mod h1:GaZTsDaehaPpQVyxrf5mtQlH+pc21PIudVV/E3rRQok=
github.com/vmihailenco/tagparser/v2 v2.0.0 h1:y09buUbR+b5aycVFQs/g70pqKVZNBmxwAhO7/IwNM9g=
github.com/vmihailenco/tagparser/v2 v2.0.0/go.mod h1:Wri+At7QHww0WTrCBeu4J6bNtoV6mEfg5OIWRZA9qds=
github.com/yusufpapurcu/wmi v1.2.4 h1:zFUKzehAFReQwLys1b/iSMl+JQGSCSjtVqQn9bBrPo0=
github.com/yusufpapurcu/wmi v1.2.4/go.mod h1:SBZ9tNy3G9/m5Oi98Zks0QjeHVDvuK0qfxQmPyzfmi0=
go.opentelemetry.io/contrib/propagators/jaeger v1.27.0 h1:tJPpZAEsihJgRTnXrPjY3rjED8Av3EJdi1kvKCi1yMc=
go.opentelemetry.io/contrib/propagators/jaeger v1.27.0/go.mod h1:5uPAMHJnlTktQbCCdWSX5PfK8CocD25mycIsZV/iFiU=
go.opentelemetry.io/otel v1.27.0 h1:9BZoF3yMK/O1AafMiQTVu0YDj5Ea4hPhxCs7sGva+cg=
go.opentelemetry.io/otel v1.27.0/go.mod h1:DMpAK8fzYRzs+bi3rS5REupisuqTheUlSZJ1WnZaPAQ=
go.opentelemetry.io/otel v1.28.0 h1:/SqNcYk+idO0CxKEUOtKQClMK/MimZihKYMruSMViUo=
go.opentelemetry.io/otel v1.28.0/go.mod h1:q68ijF8Fc8CnMHKyzqL6akLO46ePnjkgfIMIjUIX9z4=
go.opentelemetry.io/otel/metric v1.27.0 h1:hvj3vdEKyeCi4YaYfNjv2NUje8FqKqUY8IlF0FxV/ik=
go.opentelemetry.io/otel/metric v1.27.0/go.mod h1:mVFgmRlhljgBiuk/MP/oKylr4hs85GZAylncepAX/ak=
go.opentelemetry.io/otel/metric v1.28.0 h1:f0HGvSl1KRAU1DLgLGFjrwVyismPlnuU6JD6bOeuA5Q=
go.opentelemetry.io/otel/metric v1.28.0/go.mod h1:Fb1eVBFZmLVTMb6PPohq3TO9IIhUisDsbJoL/+uQW4s=
go.opentelemetry.io/otel/sdk v1.27.0 h1:mlk+/Y1gLPLn84U4tI8d3GNJmGT/eXe3ZuOXN9kTWmI=
go.opentelemetry.io/otel/sdk v1.27.0/go.mod h1:Ha9vbLwJE6W86YstIywK2xFfPjbWlCuwPtMkKdz/Y4A=
go.opentelemetry.io/otel/sdk v1.28.0 h1:b9d7hIry8yZsgtbmM0DKyPWMMUMlK9NEKuIG4aBqWyE=
go.opentelemetry.io/otel/sdk v1.28.0/go.mod h1:oYj7ClPUA7Iw3m+r7GeEjz0qckQRJK2B8zjcZEfu7Pg=
go.opentelemetry.io/otel/trace v1.27.0 h1:IqYb813p7cmbHk0a5y6pD5JPakbVfftRXABGt5/Rscw=
go.opentelemetry.io/otel/trace v1.27.0/go.mod h1:6RiD1hkAprV4/q+yd2ln1HG9GoPx39SuvvstaLBl+l4=
go.opentelemetry.io/otel/trace v1.28.0 h1:GhQ9cUuQGmNDd5BTCP2dAvv75RdMxEfTmYejp+lkx9g=
go.opentelemetry.io/otel/trace v1.28.0/go.mod h1:jPyXzNPg6da9+38HEwElrQiHlVMTnVfM3/yv2OlIHaI=
go.uber.org/goleak v1.3.0 h1:2K3zAYmnTNqV73imy9J1T3WC+gmCePx2hEGkimedGto=
go.uber.org/goleak v1.3.0/go.mod h1:CoHD4mav9JJNrW/WLlf7HGZPjdw8EucARQHekz1X6bE=
go.uber.org/multierr v1.11.0 h1:blXXJkSxSSfBVBlC76pxqeO+LN3aDfLQo+309xJstO0=
go.uber.org/multierr v1.11.0/go.mod h1:20+QtiLqy0Nd6FdQB9TLXag12DsQkrbs3htMFfDN80Y=
go.uber.org/zap v1.27.0 h1:aJMhYGrd5QSmlpLMr2MftRKl7t8J8PTZPA732ud/XR8=
go.uber.org/zap v1.27.0/go.mod h1:GB2qFLM7cTU87MWRP2mPIjqfIDnGu+VIO4V/SdhGo2E=
golang.org/x/crypto v0.24.0 h1:mnl8DM0o513X8fdIkmyFE/5hTYxbwYOjDS/+rK6qpRI=
golang.org/x/crypto v0.24.0/go.mod h1:Z1PMYSOR5nyMcyAVAIQSKCDwalqy85Aqn1x3Ws4L5DM=
golang.org/x/exp v0.0.0-20240613232115-7f521ea00fb8 h1:yixxcjnhBmY0nkL253HFVIm0JsFHwrHdT3Yh6szTnfY=
golang.org/x/exp v0.0.0-20240613232115-7f521ea00fb8/go.mod h1:jj3sYF3dwk5D+ghuXyeI3r5MFf+NT2An6/9dOA95KSI=
golang.org/x/sync v0.7.0 h1:YsImfSBoP9QPYL0xyKJPq0gcaJdG3rInoqxTWbfQu9M=
golang.org/x/sync v0.7.0/go.mod h1:Czt+wKu1gCyEFDUtn0jG5QVvpJ6rzVqr5aXyt9drQfk=
golang.org/x/sys v0.0.0-20190916202348-b4ddaad3f8a3/go.mod h1:h1NjWce9XRLGQEsW7wpKNCjG9DtNlClVuFLEZdDNbEs=
golang.org/x/sys v0.0.0-20220811171246-fbc7d0a398ab/go.mod h1:oPkhp1MJrh7nUepCBck5+mAzfO9JrbApNNgaTdGDITg=
golang.org/x/sys v0.1.0/go.mod h1:oPkhp1MJrh7nUepCBck5+mAzfO9JrbApNNgaTdGDITg=
golang.org/x/sys v0.6.0/go.mod h1:oPkhp1MJrh7nUepCBck5+mAzfO9JrbApNNgaTdGDITg=
golang.org/x/sys v0.21.0 h1:rF+pYz3DAGSQAxAu1CbC7catZg4ebC4UIeIhKxBZvws=
golang.org/x/sys v0.21.0/go.mod h1:/VUhepiaJMQUp4+oa/7Zr1D23ma6VTLIYjOOTFZPUcA=
golang.org/x/text v0.16.0 h1:a94ExnEXNtEwYLGJSIUxnWoxoRz/ZcCsV63ROupILh4=
golang.org/x/text v0.16.0/go.mod h1:GhwF1Be+LQoKShO3cGOHzqOgRrGaYc9AvblQOmPVHnI=
google.golang.org/protobuf v1.34.2 h1:6xV6lTsCfpGD21XK49h7MhtcApnLqkfYgPcdHftf6hg=
google.golang.org/protobuf v1.34.2/go.mod h1:qYOHts0dSfpeUzUFpOMr/WGzszTmLH+DiWniOlNbLDw=
gopkg.in/check.v1 v0.0.0-20161208181325-20d25e280405/go.mod h1:Co6ibVJAznAaIkqp8huTwlJQCZ016jof/cbN4VW5Yz0=
gopkg.in/check.v1 v1.0.0-20201130134442-10cb98267c6c h1:Hei/4ADfdWqJk1ZMxUNpqntNwaWcugrBjAiHlqqRiVk=
gopkg.in/check.v1 v1.0.0-20201130134442-10cb98267c6c/go.mod h1:JHkPIbrfpd72SG/EVd6muEfDQjcINNoR0C8j2r3qZ4Q=
gopkg.in/ini.v1 v1.67.0 h1:Dgnx+6+nfE+IfzjUEISNeydPJh9AXNNsWbGP9KzCsOA=
gopkg.in/ini.v1 v1.67.0/go.mod h1:pNLf8WUiyNEtQjuu5G5vTm06TEv9tsIgeAvK8hOrP4k=
gopkg.in/natefinch/lumberjack.v2 v2.2.1 h1:bBRl1b0OH9s/DuPhuXpNl+VtCaJXFZ5/uEFST95x9zc=
gopkg.in/natefinch/lumberjack.v2 v2.2.1/go.mod h1:YD8tP3GAjkrDg1eZH7EGmyESg/lsYskCTPBJVb9jqSc=
gopkg.in/yaml.v2 v2.2.8/go.mod h1:hI93XBmqTisBFMUTm0b8Fm+jr3Dg1NNxqwp+5A1VGuI=
gopkg.in/yaml.v2 v2.4.0 h1:D8xgwECY7CYvx+Y2n4sBz93Jn9JRvxdiyyo8CTfuKaY=
gopkg.in/yaml.v2 v2.4.0/go.mod h1:RDklbk79AGWmwhnvt/jBztapEOGDOx6ZbXqjP6csGnQ=
gopkg.in/yaml.v3 v3.0.0-20200313102051-9f266ea9e77c/go.mod h1:K4uyk7z7BCEPqu6E+C64Yfv1cQ7kz7rIZviUmN+EgEM=
gopkg.in/yaml.v3 v3.0.1 h1:fxVm/GzAzEWqLHuvctI91KS9hhNmmWOoWu0XTYJS7CA=
gopkg.in/yaml.v3 v3.0.1/go.mod h1:K4uyk7z7BCEPqu6E+C64Yfv1cQ7kz7rIZviUmN+EgEM=
